{
  "name": "so5hw",
  "lockfileVersion": 2,
  "requires": true,
  "packages": {
    "": {
      "dependencies": {
        "jotai": "^1.6.4"
      }
    },
    "node_modules/jotai": {
      "version": "1.6.4",
      "resolved": "https://registry.npmjs.org/jotai/-/jotai-1.6.4.tgz",
      "integrity": "sha512-XC0ExLhdE6FEBdIjKTe6kMlHaAUV/QiwN7vZond76gNr/WdcdonJOEW79+5t8u38sR41bJXi26B1dRi7cCRz9A==",
      "engines": {
        "node": ">=12.7.0"
      },
      "peerDependencies": {
        "@babel/core": "*",
        "@babel/template": "*",
        "@urql/core": "*",
        "immer": "*",
        "optics-ts": "*",
        "react": ">=16.8",
        "react-query": "*",
        "valtio": "*",
        "wonka": "*",
        "xstate": "*"
      },
      "peerDependenciesMeta": {
        "@babel/core": {
          "optional": true
        },
        "@babel/template": {
          "optional": true
        },
        "@urql/core": {
          "optional": true
        },
        "immer": {
          "optional": true
        },
        "optics-ts": {
          "optional": true
        },
        "react-query": {
          "optional": true
        },
        "valtio": {
          "optional": true
        },
        "wonka": {
          "optional": true
        },
        "xstate": {
          "optional": true
        }
      }
    },
    "node_modules/js-tokens": {
      "version": "4.0.0",
      "resolved": "https://registry.npmjs.org/js-tokens/-/js-tokens-4.0.0.tgz",
      "integrity": "sha512-RdJUflcE3cUzKiMqQgsCu06FPu9UdIJO0beYbPhHN4k6apgJtifcoCtT9bcxOpYBtpD2kCM6Sbzg4CausW/PKQ==",
      "peer": true
    },
    "node_modules/loose-envify": {
      "version": "1.4.0",
      "resolved": "https://registry.npmjs.org/loose-envify/-/loose-envify-1.4.0.tgz",
      "integrity": "sha512-lyuxPGr/Wfhrlem2CL/UcnUc1zcqKAImBDzukY7Y5F/yQiNdko6+fRLevlw1HgMySw7f611UIY408EtxRSoK3Q==",
      "peer": true,
      "dependencies": {
        "js-tokens": "^3.0.0 || ^4.0.0"
      },
      "bin": {
        "loose-envify": "cli.js"
      }
    },
    "node_modules/react": {
      "version": "18.0.0",
      "resolved": "https://registry.npmjs.org/react/-/react-18.0.0.tgz",
      "integrity": "sha512-x+VL6wbT4JRVPm7EGxXhZ8w8LTROaxPXOqhlGyVSrv0sB1jkyFGgXxJ8LVoPRLvPR6/CIZGFmfzqUa2NYeMr2A==",
      "peer": true,
      "dependencies": {
        "loose-envify": "^1.1.0"
      },
      "engines": {
        "node": ">=0.10.0"
      }
    }
  },
  "dependencies": {
    "jotai": {
      "version": "1.6.4",
      "resolved": "https://registry.npmjs.org/jotai/-/jotai-1.6.4.tgz",
      "integrity": "sha512-XC0ExLhdE6FEBdIjKTe6kMlHaAUV/QiwN7vZond76gNr/WdcdonJOEW79+5t8u38sR41bJXi26B1dRi7cCRz9A==",
      "requires": {}
    },
    "js-tokens": {
      "version": "4.0.0",
      "resolved": "https://registry.npmjs.org/js-tokens/-/js-tokens-4.0.0.tgz",
      "integrity": "sha512-RdJUflcE3cUzKiMqQgsCu06FPu9UdIJO0beYbPhHN4k6apgJtifcoCtT9bcxOpYBtpD2kCM6Sbzg4CausW/PKQ==",
      "peer": true
    },
    "loose-envify": {
      "version": "1.4.0",
      "resolved": "https://registry.npmjs.org/loose-envify/-/loose-envify-1.4.0.tgz",
      "integrity": "sha512-lyuxPGr/Wfhrlem2CL/UcnUc1zcqKAImBDzukY7Y5F/yQiNdko6+fRLevlw1HgMySw7f611UIY408EtxRSoK3Q==",
      "peer": true,
      "requires": {
        "js-tokens": "^3.0.0 || ^4.0.0"
      }
    },
    "react": {
      "version": "18.0.0",
      "resolved": "https://registry.npmjs.org/react/-/react-18.0.0.tgz",
      "integrity": "sha512-x+VL6wbT4JRVPm7EGxXhZ8w8LTROaxPXOqhlGyVSrv0sB1jkyFGgXxJ8LVoPRLvPR6/CIZGFmfzqUa2NYeMr2A==",
      "peer": true,
      "requires": {
        "loose-envify": "^1.1.0"
      }
    }
  }
}
